
Microsoft Visual Studio Solution File, Format Version 12.00
# Visual Studio Version 16
VisualStudioVersion = 16.0.31729.503
MinimumVisualStudioVersion = 10.0.40219.1
Project("{FAE04EC0-301F-11D3-BF4B-00C04F79EFBC}") = "WPFHelloWorld", "WPFHelloWorld\WPFHelloWorld.csproj", "{8D90733C-3A87-42BE-8804-F1638A3963A7}"
EndProject
Global
	GlobalSection(SolutionConfigurationPlatforms) = preSolution
		Debug|Any CPU = Debug|Any CPU
		Release|Any CPU = Release|Any CPU
	EndGlobalSection
	GlobalSection(ProjectConfigurationPlatforms) = postSolution
		{8D90733C-3A87-42BE-8804-F1638A3963A7}.Debug|Any CPU.ActiveCfg = Debug|Any CPU
		{8D90733C-3A87-42BE-8804-F1638A3963A7}.Debug|Any CPU.Build.0 = Debug|Any CPU
		{8D90733C-3A87-42BE-8804-F1638A3963A7}.Release|Any CPU.ActiveCfg = Release|Any CPU
		{8D90733C-3A87-42BE-8804-F1638A3963A7}.Release|Any CPU.Build.0 = Release|Any CPU
	EndGlobalSection
	GlobalSection(SolutionProperties) = preSolution
		HideSolutionNode = FALSE
	EndGlobalSection
	GlobalSection(ExtensibilityGlobals) = postSolution
		SolutionGuid = {2A71872E-A616-4BA7-A61C-79D5B4D9D91A}
	EndGlobalSection
EndGlobal
